
Microsoft Visual Studio Solution File, Format Version 12.00
# Visual Studio 15
VisualStudioVersion = 15.0.27428.2027
MinimumVisualStudioVersion = 10.0.40219.1
Project("{FAE04EC0-301F-11D3-BF4B-00C04F79EFBC}") = "PictureLens", "PictureLens\PictureLens.csproj", "{3DE2CB46-698B-4988-A846-B06630213C0A}"
EndProject
Global
	GlobalSection(SolutionConfigurationPlatforms) = preSolution
		Debug|Any CPU = Debug|Any CPU
		Release|Any CPU = Release|Any CPU
	EndGlobalSection
	GlobalSection(ProjectConfigurationPlatforms) = postSolution
		{3DE2CB46-698B-4988-A846-B06630213C0A}.Debug|Any CPU.ActiveCfg = Debug|Any CPU
		{3DE2CB46-698B-4988-A846-B06630213C0A}.Debug|Any CPU.Build.0 = Debug|Any CPU
		{3DE2CB46-698B-4988-A846-B06630213C0A}.Release|Any CPU.ActiveCfg = Release|Any CPU
		{3DE2CB46-698B-4988-A846-B06630213C0A}.Release|Any CPU.Build.0 = Release|Any CPU
	EndGlobalSection
	GlobalSection(SolutionProperties) = preSolution
		HideSolutionNode = FALSE
	EndGlobalSection
	GlobalSection(ExtensibilityGlobals) = postSolution
		SolutionGuid = {7BCD9B5C-7880-4EA2-AB97-77CA22CC2792}
	EndGlobalSection
EndGlobal
